
Microsoft Visual Studio Solution File, Format Version 12.00
# Visual Studio Version 17
VisualStudioVersion = 17.3.32804.467
MinimumVisualStudioVersion = 10.0.40219.1
Project("{FAE04EC0-301F-11D3-BF4B-00C04F79EFBC}") = "food-file-backend", "food-file-backend\food-file-backend.csproj", "{B1040A4D-102F-48C0-BBA1-E423C32F7FAE}"
EndProject
Global
	GlobalSection(SolutionConfigurationPlatforms) = preSolution
		Debug|Any CPU = Debug|Any CPU
		Release|Any CPU = Release|Any CPU
	EndGlobalSection
	GlobalSection(ProjectConfigurationPlatforms) = postSolution
		{B1040A4D-102F-48C0-BBA1-E423C32F7FAE}.Debug|Any CPU.ActiveCfg = Debug|Any CPU
		{B1040A4D-102F-48C0-BBA1-E423C32F7FAE}.Debug|Any CPU.Build.0 = Debug|Any CPU
		{B1040A4D-102F-48C0-BBA1-E423C32F7FAE}.Release|Any CPU.ActiveCfg = Release|Any CPU
		{B1040A4D-102F-48C0-BBA1-E423C32F7FAE}.Release|Any CPU.Build.0 = Release|Any CPU
	EndGlobalSection
	GlobalSection(SolutionProperties) = preSolution
		HideSolutionNode = FALSE
	EndGlobalSection
	GlobalSection(ExtensibilityGlobals) = postSolution
		SolutionGuid = {07D5C1E7-1DD6-4B58-93AC-AC9131C28CCA}
	EndGlobalSection
EndGlobal
